{
  "requires": true,
  "lockfileVersion": 1,
  "dependencies": {
    "emoji-unicode-version": {
      "version": "0.3.0",
      "resolved": "https://registry.npmjs.org/emoji-unicode-version/-/emoji-unicode-version-0.3.0.tgz",
      "integrity": "sha512-DCHEeGr11QbUy9HMZ70f/NsOJp+cqzMktO5tBMJhX393ZphHDH5WAp3CzZmMawRxfc4Opr1GZTAwWtSGC8/flA=="
    },
    "if-emoji": {
      "version": "0.1.0",
      "resolved": "https://registry.npmjs.org/if-emoji/-/if-emoji-0.1.0.tgz",
      "integrity": "sha1-heGwNsZCWjDySekDT/RADOqjOUc="
    }
  }
}
